// !$*UTF8*$!
{
	archiveVersion = 1;
	classes = {
	};
	objectVersion = 50;
	objects = {

/* Begin PBXBuildFile section */
		AA742D4121A6540E002E5876 /* AppDelegate.swift in Sources */ = {isa = PBXBuildFile; fileRef = AA742D4021A6540E002E5876 /* AppDelegate.swift */; };
		AA742D4321A6540E002E5876 /* ViewController.swift in Sources */ = {isa = PBXBuildFile; fileRef = AA742D4221A6540E002E5876 /* ViewController.swift */; };
		AA742D4621A6540E002E5876 /* Main.storyboard in Resources */ = {isa = PBXBuildFile; fileRef = AA742D4421A6540E002E5876 /* Main.storyboard */; };
		AA742D4821A65417002E5876 /* Assets.xcassets in Resources */ = {isa = PBXBuildFile; fileRef = AA742D4721A65417002E5876 /* Assets.xcassets */; };
		AA742D4B21A65417002E5876 /* LaunchScreen.storyboard in Resources */ = {isa = PBXBuildFile; fileRef = AA742D4921A65417002E5876 /* LaunchScreen.storyboard */; };
		AA742D6F21A67E38002E5876 /* AppDelegate.swift in Sources */ = {isa = PBXBuildFile; fileRef = AA742D6E21A67E38002E5876 /* AppDelegate.swift */; };
		AA742D7121A67E38002E5876 /* ViewController.swift in Sources */ = {isa = PBXBuildFile; fileRef = AA742D7021A67E38002E5876 /* ViewController.swift */; };
		AA742D7421A67E38002E5876 /* Main.storyboard in Resources */ = {isa = PBXBuildFile; fileRef = AA742D7221A67E38002E5876 /* Main.storyboard */; };
		AA742D7621A67E3B002E5876 /* Assets.xcassets in Resources */ = {isa = PBXBuildFile; fileRef = AA742D7521A67E3B002E5876 /* Assets.xcassets */; };
		AA742D7921A67E3B002E5876 /* LaunchScreen.storyboard in Resources */ = {isa = PBXBuildFile; fileRef = AA742D7721A67E3B002E5876 /* LaunchScreen.storyboard */; };
		AA742D8521A68FC5002E5876 /* AppDelegate.swift in Sources */ = {isa = PBXBuildFile; fileRef = AA742D8421A68FC5002E5876 /* AppDelegate.swift */; };
		AA742D8721A68FC5002E5876 /* ViewController.swift in Sources */ = {isa = PBXBuildFile; fileRef = AA742D8621A68FC5002E5876 /* ViewController.swift */; };
		AA742D8A21A68FC5002E5876 /* Main.storyboard in Resources */ = {isa = PBXBuildFile; fileRef = AA742D8821A68FC5002E5876 /* Main.storyboard */; };
		AA742D8C21A68FD1002E5876 /* Assets.xcassets in Resources */ = {isa = PBXBuildFile; fileRef = AA742D8B21A68FD1002E5876 /* Assets.xcassets */; };
		AA742D8F21A68FD2002E5876 /* LaunchScreen.storyboard in Resources */ = {isa = PBXBuildFile; fileRef = AA742D8D21A68FD2002E5876 /* LaunchScreen.storyboard */; };
/* End PBXBuildFile section */

/* Begin PBXFileReference section */
		AA742D3D21A6540E002E5876 /* MapDisplay.app */ = {isa = PBXFileReference; explicitFileType = wrapper.application; includeInIndex = 0; path = MapDisplay.app; sourceTree = BUILT_PRODUCTS_DIR; };
		AA742D4021A6540E002E5876 /* AppDelegate.swift */ = {isa = PBXFileReference; lastKnownFileType = sourcecode.swift; path = AppDelegate.swift; sourceTree = "<group>"; };
		AA742D4221A6540E002E5876 /* ViewController.swift */ = {isa = PBXFileReference; lastKnownFileType = sourcecode.swift; path = ViewController.swift; sourceTree = "<group>"; };
		AA742D4521A6540E002E5876 /* Base */ = {isa = PBXFileReference; lastKnownFileType = file.storyboard; name = Base; path = Base.lproj/Main.storyboard; sourceTree = "<group>"; };
		AA742D4721A65417002E5876 /* Assets.xcassets */ = {isa = PBXFileReference; lastKnownFileType = folder.assetcatalog; path = Assets.xcassets; sourceTree = "<group>"; };
		AA742D4A21A65417002E5876 /* Base */ = {isa = PBXFileReference; lastKnownFileType = file.storyboard; name = Base; path = Base.lproj/LaunchScreen.storyboard; sourceTree = "<group>"; };
		AA742D4C21A65417002E5876 /* Info.plist */ = {isa = PBXFileReference; lastKnownFileType = text.plist.xml; path = Info.plist; sourceTree = "<group>"; };
		AA742D5621A67E1A002E5876 /* CoreLocation.app */ = {isa = PBXFileReference; explicitFileType = wrapper.application; includeInIndex = 0; path = CoreLocation.app; sourceTree = BUILT_PRODUCTS_DIR; };
		AA742D6C21A67E38002E5876 /* CoreLocationUse.app */ = {isa = PBXFileReference; explicitFileType = wrapper.application; includeInIndex = 0; path = CoreLocationUse.app; sourceTree = BUILT_PRODUCTS_DIR; };
		AA742D6E21A67E38002E5876 /* AppDelegate.swift */ = {isa = PBXFileReference; lastKnownFileType = sourcecode.swift; path = AppDelegate.swift; sourceTree = "<group>"; };
		AA742D7021A67E38002E5876 /* ViewController.swift */ = {isa = PBXFileReference; lastKnownFileType = sourcecode.swift; path = ViewController.swift; sourceTree = "<group>"; };
		AA742D7321A67E38002E5876 /* Base */ = {isa = PBXFileReference; lastKnownFileType = file.storyboard; name = Base; path = Base.lproj/Main.storyboard; sourceTree = "<group>"; };
		AA742D7521A67E3B002E5876 /* Assets.xcassets */ = {isa = PBXFileReference; lastKnownFileType = folder.assetcatalog; path = Assets.xcassets; sourceTree = "<group>"; };
		AA742D7821A67E3B002E5876 /* Base */ = {isa = PBXFileReference; lastKnownFileType = file.storyboard; name = Base; path = Base.lproj/LaunchScreen.storyboard; sourceTree = "<group>"; };
		AA742D7A21A67E3B002E5876 /* Info.plist */ = {isa = PBXFileReference; lastKnownFileType = text.plist.xml; path = Info.plist; sourceTree = "<group>"; };
		AA742D8221A68FC5002E5876 /* MapKitFrameworkUse.app */ = {isa = PBXFileReference; explicitFileType = wrapper.application; includeInIndex = 0; path = MapKitFrameworkUse.app; sourceTree = BUILT_PRODUCTS_DIR; };
		AA742D8421A68FC5002E5876 /* AppDelegate.swift */ = {isa = PBXFileReference; lastKnownFileType = sourcecode.swift; path = AppDelegate.swift; sourceTree = "<group>"; };
		AA742D8621A68FC5002E5876 /* ViewController.swift */ = {isa = PBXFileReference; lastKnownFileType = sourcecode.swift; path = ViewController.swift; sourceTree = "<group>"; };
		AA742D8921A68FC5002E5876 /* Base */ = {isa = PBXFileReference; lastKnownFileType = file.storyboard; name = Base; path = Base.lproj/Main.storyboard; sourceTree = "<group>"; };
		AA742D8B21A68FD1002E5876 /* Assets.xcassets */ = {isa = PBXFileReference; lastKnownFileType = folder.assetcatalog; path = Assets.xcassets; sourceTree = "<group>"; };
		AA742D8E21A68FD2002E5876 /* Base */ = {isa = PBXFileReference; lastKnownFileType = file.storyboard; name = Base; path = Base.lproj/LaunchScreen.storyboard; sourceTree = "<group>"; };
		AA742D9021A68FD2002E5876 /* Info.plist */ = {isa = PBXFileReference; lastKnownFileType = text.plist.xml; path = Info.plist; sourceTree = "<group>"; };
/* End PBXFileReference section */

/* Begin PBXFrameworksBuildPhase section */
		AA742D3A21A6540E002E5876 /* Frameworks */ = {
			isa = PBXFrameworksBuildPhase;
			buildActionMask = 2147483647;
			files = (
			);
			runOnlyForDeploymentPostprocessing = 0;
		};
		AA742D5321A67E1A002E5876 /* Frameworks */ = {
			isa = PBXFrameworksBuildPhase;
			buildActionMask = 2147483647;
			files = (
			);
			runOnlyForDeploymentPostprocessing = 0;
		};
		AA742D6921A67E38002E5876 /* Frameworks */ = {
			isa = PBXFrameworksBuildPhase;
			buildActionMask = 2147483647;
			files = (
			);
			runOnlyForDeploymentPostprocessing = 0;
		};
		AA742D7F21A68FC5002E5876 /* Frameworks */ = {
			isa = PBXFrameworksBuildPhase;
			buildActionMask = 2147483647;
			files = (
			);
			runOnlyForDeploymentPostprocessing = 0;
		};
/* End PBXFrameworksBuildPhase section */

/* Begin PBXGroup section */
		AA742D3421A6540E002E5876 = {
			isa = PBXGroup;
			children = (
				AA742D3F21A6540E002E5876 /* MapDisplay */,
				AA742D6D21A67E38002E5876 /* CoreLocationUse */,
				AA742D8321A68FC5002E5876 /* MapKitFrameworkUse */,
				AA742D3E21A6540E002E5876 /* Products */,
			);
			sourceTree = "<group>";
		};
		AA742D3E21A6540E002E5876 /* Products */ = {
			isa = PBXGroup;
			children = (
				AA742D3D21A6540E002E5876 /* MapDisplay.app */,
				AA742D5621A67E1A002E5876 /* CoreLocation.app */,
				AA742D6C21A67E38002E5876 /* CoreLocationUse.app */,
				AA742D8221A68FC5002E5876 /* MapKitFrameworkUse.app */,
			);
			name = Products;
			sourceTree = "<group>";
		};
		AA742D3F21A6540E002E5876 /* MapDisplay */ = {
			isa = PBXGroup;
			children = (
				AA742D4021A6540E002E5876 /* AppDelegate.swift */,
				AA742D4221A6540E002E5876 /* ViewController.swift */,
				AA742D4421A6540E002E5876 /* Main.storyboard */,
				AA742D4721A65417002E5876 /* Assets.xcassets */,
				AA742D4921A65417002E5876 /* LaunchScreen.storyboard */,
				AA742D4C21A65417002E5876 /* Info.plist */,
			);
			path = MapDisplay;
			sourceTree = "<group>";
		};
		AA742D6D21A67E38002E5876 /* CoreLocationUse */ = {
			isa = PBXGroup;
			children = (
				AA742D6E21A67E38002E5876 /* AppDelegate.swift */,
				AA742D7021A67E38002E5876 /* ViewController.swift */,
				AA742D7221A67E38002E5876 /* Main.storyboard */,
				AA742D7521A67E3B002E5876 /* Assets.xcassets */,
				AA742D7721A67E3B002E5876 /* LaunchScreen.storyboard */,
				AA742D7A21A67E3B002E5876 /* Info.plist */,
			);
			path = CoreLocationUse;
			sourceTree = "<group>";
		};
		AA742D8321A68FC5002E5876 /* MapKitFrameworkUse */ = {
			isa = PBXGroup;
			children = (
				AA742D8421A68FC5002E5876 /* AppDelegate.swift */,
				AA742D8621A68FC5002E5876 /* ViewController.swift */,
				AA742D8821A68FC5002E5876 /* Main.storyboard */,
				AA742D8B21A68FD1002E5876 /* Assets.xcassets */,
				AA742D8D21A68FD2002E5876 /* LaunchScreen.storyboard */,
				AA742D9021A68FD2002E5876 /* Info.plist */,
			);
			path = MapKitFrameworkUse;
			sourceTree = "<group>";
		};
/* End PBXGroup section */

/* Begin PBXNativeTarget section */
		AA742D3C21A6540E002E5876 /* MapDisplay */ = {
			isa = PBXNativeTarget;
			buildConfigurationList = AA742D4F21A65417002E5876 /* Build configuration list for PBXNativeTarget "MapDisplay" */;
			buildPhases = (
				AA742D3921A6540E002E5876 /* Sources */,
				AA742D3A21A6540E002E5876 /* Frameworks */,
				AA742D3B21A6540E002E5876 /* Resources */,
			);
			buildRules = (
			);
			dependencies = (
			);
			name = MapDisplay;
			productName = MapDisplay;
			productReference = AA742D3D21A6540E002E5876 /* MapDisplay.app */;
			productType = "com.apple.product-type.application";
		};
		AA742D5521A67E1A002E5876 /* CoreLocation */ = {
			isa = PBXNativeTarget;
			buildConfigurationList = AA742D6521A67E28002E5876 /* Build configuration list for PBXNativeTarget "CoreLocation" */;
			buildPhases = (
				AA742D5221A67E1A002E5876 /* Sources */,
				AA742D5321A67E1A002E5876 /* Frameworks */,
				AA742D5421A67E1A002E5876 /* Resources */,
			);
			buildRules = (
			);
			dependencies = (
			);
			name = CoreLocation;
			productName = CoreLocation;
			productReference = AA742D5621A67E1A002E5876 /* CoreLocation.app */;
			productType = "com.apple.product-type.application";
		};
		AA742D6B21A67E38002E5876 /* CoreLocationUse */ = {
			isa = PBXNativeTarget;
			buildConfigurationList = AA742D7B21A67E3B002E5876 /* Build configuration list for PBXNativeTarget "CoreLocationUse" */;
			buildPhases = (
				AA742D6821A67E38002E5876 /* Sources */,
				AA742D6921A67E38002E5876 /* Frameworks */,
				AA742D6A21A67E38002E5876 /* Resources */,
			);
			buildRules = (
			);
			dependencies = (
			);
			name = CoreLocationUse;
			productName = CoreLocationUse;
			productReference = AA742D6C21A67E38002E5876 /* CoreLocationUse.app */;
			productType = "com.apple.product-type.application";
		};
		AA742D8121A68FC5002E5876 /* MapKitFrameworkUse */ = {
			isa = PBXNativeTarget;
			buildConfigurationList = AA742D9121A68FD2002E5876 /* Build configuration list for PBXNativeTarget "MapKitFrameworkUse" */;
			buildPhases = (
				AA742D7E21A68FC5002E5876 /* Sources */,
				AA742D7F21A68FC5002E5876 /* Frameworks */,
				AA742D8021A68FC5002E5876 /* Resources */,
			);
			buildRules = (
			);
			dependencies = (
			);
			name = MapKitFrameworkUse;
			productName = MapKitFrameworkUse;
			productReference = AA742D8221A68FC5002E5876 /* MapKitFrameworkUse.app */;
			productType = "com.apple.product-type.application";
		};
/* End PBXNativeTarget section */

/* Begin PBXProject section */
		AA742D3521A6540E002E5876 /* Project object */ = {
			isa = PBXProject;
			attributes = {
				LastSwiftUpdateCheck = 1010;
				LastUpgradeCheck = 1010;
				ORGANIZATIONNAME = map;
				TargetAttributes = {
					AA742D3C21A6540E002E5876 = {
						CreatedOnToolsVersion = 10.1;
					};
					AA742D5521A67E1A002E5876 = {
						CreatedOnToolsVersion = 10.1;
					};
					AA742D6B21A67E38002E5876 = {
						CreatedOnToolsVersion = 10.1;
					};
					AA742D8121A68FC5002E5876 = {
						CreatedOnToolsVersion = 10.1;
					};
				};
			};
			buildConfigurationList = AA742D3821A6540E002E5876 /* Build configuration list for PBXProject "MapDisplay" */;
			compatibilityVersion = "Xcode 9.3";
			developmentRegion = en;
			hasScannedForEncodings = 0;
			knownRegions = (
				en,
				Base,
			);
			mainGroup = AA742D3421A6540E002E5876;
			productRefGroup = AA742D3E21A6540E002E5876 /* Products */;
			projectDirPath = "";
			projectRoot = "";
			targets = (
				AA742D3C21A6540E002E5876 /* MapDisplay */,
				AA742D5521A67E1A002E5876 /* CoreLocation */,
				AA742D6B21A67E38002E5876 /* CoreLocationUse */,
				AA742D8121A68FC5002E5876 /* MapKitFrameworkUse */,
			);
		};
/* End PBXProject section */

/* Begin PBXResourcesBuildPhase section */
		AA742D3B21A6540E002E5876 /* Resources */ = {
			isa = PBXResourcesBuildPhase;
			buildActionMask = 2147483647;
			files = (
				AA742D4B21A65417002E5876 /* LaunchScreen.storyboard in Resources */,
				AA742D4821A65417002E5876 /* Assets.xcassets in Resources */,
				AA742D4621A6540E002E5876 /* Main.storyboard in Resources */,
			);
			runOnlyForDeploymentPostprocessing = 0;
		};
		AA742D5421A67E1A002E5876 /* Resources */ = {
			isa = PBXResourcesBuildPhase;
			buildActionMask = 2147483647;
			files = (
			);
			runOnlyForDeploymentPostprocessing = 0;
		};
		AA742D6A21A67E38002E5876 /* Resources */ = {
			isa = PBXResourcesBuildPhase;
			buildActionMask = 2147483647;
			files = (
				AA742D7921A67E3B002E5876 /* LaunchScreen.storyboard in Resources */,
				AA742D7621A67E3B002E5876 /* Assets.xcassets in Resources */,
				AA742D7421A67E38002E5876 /* Main.storyboard in Resources */,
			);
			runOnlyForDeploymentPostprocessing = 0;
		};
		AA742D8021A68FC5002E5876 /* Resources */ = {
			isa = PBXResourcesBuildPhase;
			buildActionMask = 2147483647;
			files = (
				AA742D8F21A68FD2002E5876 /* LaunchScreen.storyboard in Resources */,
				AA742D8C21A68FD1002E5876 /* Assets.xcassets in Resources */,
				AA742D8A21A68FC5002E5876 /* Main.storyboard in Resources */,
			);
			runOnlyForDeploymentPostprocessing = 0;
		};
/* End PBXResourcesBuildPhase section */

/* Begin PBXSourcesBuildPhase section */
		AA742D3921A6540E002E5876 /* Sources */ = {
			isa = PBXSourcesBuildPhase;
			buildActionMask = 2147483647;
			files = (
				AA742D4321A6540E002E5876 /* ViewController.swift in Sources */,
				AA742D4121A6540E002E5876 /* AppDelegate.swift in Sources */,
			);
			runOnlyForDeploymentPostprocessing = 0;
		};
		AA742D5221A67E1A002E5876 /* Sources */ = {
			isa = PBXSourcesBuildPhase;
			buildActionMask = 2147483647;
			files = (
			);
			runOnlyForDeploymentPostprocessing = 0;
		};
		AA742D6821A67E38002E5876 /* Sources */ = {
			isa = PBXSourcesBuildPhase;
			buildActionMask = 2147483647;
			files = (
				AA742D7121A67E38002E5876 /* ViewController.swift in Sources */,
				AA742D6F21A67E38002E5876 /* AppDelegate.swift in Sources */,
			);
			runOnlyForDeploymentPostprocessing = 0;
		};
		AA742D7E21A68FC5002E5876 /* Sources */ = {
			isa = PBXSourcesBuildPhase;
			buildActionMask = 2147483647;
			files = (
				AA742D8721A68FC5002E5876 /* ViewController.swift in Sources */,
				AA742D8521A68FC5002E5876 /* AppDelegate.swift in Sources */,
			);
			runOnlyForDeploymentPostprocessing = 0;
		};
/* End PBXSourcesBuildPhase section */

/* Begin PBXVariantGroup section */
		AA742D4421A6540E002E5876 /* Main.storyboard */ = {
			isa = PBXVariantGroup;
			children = (
				AA742D4521A6540E002E5876 /* Base */,
			);
			name = Main.storyboard;
			sourceTree = "<group>";
		};
		AA742D4921A65417002E5876 /* LaunchScreen.storyboard */ = {
			isa = PBXVariantGroup;
			children = (
				AA742D4A21A65417002E5876 /* Base */,
			);
			name = LaunchScreen.storyboard;
			sourceTree = "<group>";
		};
		AA742D7221A67E38002E5876 /* Main.storyboard */ = {
			isa = PBXVariantGroup;
			children = (
				AA742D7321A67E38002E5876 /* Base */,
			);
			name = Main.storyboard;
			sourceTree = "<group>";
		};
		AA742D7721A67E3B002E5876 /* LaunchScreen.storyboard */ = {
			isa = PBXVariantGroup;
			children = (
				AA742D7821A67E3B002E5876 /* Base */,
			);
			name = LaunchScreen.storyboard;
			sourceTree = "<group>";
		};
		AA742D8821A68FC5002E5876 /* Main.storyboard */ = {
			isa = PBXVariantGroup;
			children = (
				AA742D8921A68FC5002E5876 /* Base */,
			);
			name = Main.storyboard;
			sourceTree = "<group>";
		};
		AA742D8D21A68FD2002E5876 /* LaunchScreen.storyboard */ = {
			isa = PBXVariantGroup;
			children = (
				AA742D8E21A68FD2002E5876 /* Base */,
			);
			name = LaunchScreen.storyboard;
			sourceTree = "<group>";
		};
/* End PBXVariantGroup section */

/* Begin XCBuildConfiguration section */
		AA742D4D21A65417002E5876 /* Debug */ = {
			isa = XCBuildConfiguration;
			buildSettings = {
				ALWAYS_SEARCH_USER_PATHS = NO;
				CLANG_ANALYZER_NONNULL = YES;
				CLANG_ANALYZER_NUMBER_OBJECT_CONVERSION = YES_AGGRESSIVE;
				CLANG_CXX_LANGUAGE_STANDARD = "gnu++14";
				CLANG_CXX_LIBRARY = "libc++";
				CLANG_ENABLE_MODULES = YES;
				CLANG_ENABLE_OBJC_ARC = YES;
				CLANG_ENABLE_OBJC_WEAK = YES;
				CLANG_WARN_BLOCK_CAPTURE_AUTORELEASING = YES;
				CLANG_WARN_BOOL_CONVERSION = YES;
				CLANG_WARN_COMMA = YES;
				CLANG_WARN_CONSTANT_CONVERSION = YES;
				CLANG_WARN_DEPRECATED_OBJC_IMPLEMENTATIONS = YES;
				CLANG_WARN_DIRECT_OBJC_ISA_USAGE = YES_ERROR;
				CLANG_WARN_DOCUMENTATION_COMMENTS = YES;
				CLANG_WARN_EMPTY_BODY = YES;
				CLANG_WARN_ENUM_CONVERSION = YES;
				CLANG_WARN_INFINITE_RECURSION = YES;
				CLANG_WARN_INT_CONVERSION = YES;
				CLANG_WARN_NON_LITERAL_NULL_CONVERSION = YES;
				CLANG_WARN_OBJC_IMPLICIT_RETAIN_SELF = YES;
				CLANG_WARN_OBJC_LITERAL_CONVERSION = YES;
				CLANG_WARN_OBJC_ROOT_CLASS = YES_ERROR;
				CLANG_WARN_RANGE_LOOP_ANALYSIS = YES;
				CLANG_WARN_STRICT_PROTOTYPES = YES;
				CLANG_WARN_SUSPICIOUS_MOVE = YES;
				CLANG_WARN_UNGUARDED_AVAILABILITY = YES_AGGRESSIVE;
				CLANG_WARN_UNREACHABLE_CODE = YES;
				CLANG_WARN__DUPLICATE_METHOD_MATCH = YES;
				CODE_SIGN_IDENTITY = "iPhone Developer";
				COPY_PHASE_STRIP = NO;
				DEBUG_INFORMATION_FORMAT = dwarf;
				ENABLE_STRICT_OBJC_MSGSEND = YES;
				ENABLE_TESTABILITY = YES;
				GCC_C_LANGUAGE_STANDARD = gnu11;
				GCC_DYNAMIC_NO_PIC = NO;
				GCC_NO_COMMON_BLOCKS = YES;
				GCC_OPTIMIZATION_LEVEL = 0;
				GCC_PREPROCESSOR_DEFINITIONS = (
					"DEBUG=1",
					"$(inherited)",
				);
				GCC_WARN_64_TO_32_BIT_CONVERSION = YES;
				GCC_WARN_ABOUT_RETURN_TYPE = YES_ERROR;
				GCC_WARN_UNDECLARED_SELECTOR = YES;
				GCC_WARN_UNINITIALIZED_AUTOS = YES_AGGRESSIVE;
				GCC_WARN_UNUSED_FUNCTION = YES;
				GCC_WARN_UNUSED_VARIABLE = YES;
				IPHONEOS_DEPLOYMENT_TARGET = 12.1;
				MTL_ENABLE_DEBUG_INFO = INCLUDE_SOURCE;
				MTL_FAST_MATH = YES;
				ONLY_ACTIVE_ARCH = YES;
				SDKROOT = iphoneos;
				SWIFT_ACTIVE_COMPILATION_CONDITIONS = DEBUG;
				SWIFT_OPTIMIZATION_LEVEL = "-Onone";
			};
			name = Debug;
		};
		AA742D4E21A65417002E5876 /* Release */ = {
			isa = XCBuildConfiguration;
			buildSettings = {
				ALWAYS_SEARCH_USER_PATHS = NO;
				CLANG_ANALYZER_NONNULL = YES;
				CLANG_ANALYZER_NUMBER_OBJECT_CONVERSION = YES_AGGRESSIVE;
				CLANG_CXX_LANGUAGE_STANDARD = "gnu++14";
				CLANG_CXX_LIBRARY = "libc++";
				CLANG_ENABLE_MODULES = YES;
				CLANG_ENABLE_OBJC_ARC = YES;
				CLANG_ENABLE_OBJC_WEAK = YES;
				CLANG_WARN_BLOCK_CAPTURE_AUTORELEASING = YES;
				CLANG_WARN_BOOL_CONVERSION = YES;
				CLANG_WARN_COMMA = YES;
				CLANG_WARN_CONSTANT_CONVERSION = YES;
				CLANG_WARN_DEPRECATED_OBJC_IMPLEMENTATIONS = YES;
				CLANG_WARN_DIRECT_OBJC_ISA_USAGE = YES_ERROR;
				CLANG_WARN_DOCUMENTATION_COMMENTS = YES;
				CLANG_WARN_EMPTY_BODY = YES;
				CLANG_WARN_ENUM_CONVERSION = YES;
				CLANG_WARN_INFINITE_RECURSION = YES;
				CLANG_WARN_INT_CONVERSION = YES;
				CLANG_WARN_NON_LITERAL_NULL_CONVERSION = YES;
				CLANG_WARN_OBJC_IMPLICIT_RETAIN_SELF = YES;
				CLANG_WARN_OBJC_LITERAL_CONVERSION = YES;
				CLANG_WARN_OBJC_ROOT_CLASS = YES_ERROR;
				CLANG_WARN_RANGE_LOOP_ANALYSIS = YES;
				CLANG_WARN_STRICT_PROTOTYPES = YES;
				CLANG_WARN_SUSPICIOUS_MOVE = YES;
				CLANG_WARN_UNGUARDED_AVAILABILITY = YES_AGGRESSIVE;
				CLANG_WARN_UNREACHABLE_CODE = YES;
				CLANG_WARN__DUPLICATE_METHOD_MATCH = YES;
				CODE_SIGN_IDENTITY = "iPhone Developer";
				COPY_PHASE_STRIP = NO;
				DEBUG_INFORMATION_FORMAT = "dwarf-with-dsym";
				ENABLE_NS_ASSERTIONS = NO;
				ENABLE_STRICT_OBJC_MSGSEND = YES;
				GCC_C_LANGUAGE_STANDARD = gnu11;
				GCC_NO_COMMON_BLOCKS = YES;
				GCC_WARN_64_TO_32_BIT_CONVERSION = YES;
				GCC_WARN_ABOUT_RETURN_TYPE = YES_ERROR;
				GCC_WARN_UNDECLARED_SELECTOR = YES;
				GCC_WARN_UNINITIALIZED_AUTOS = YES_AGGRESSIVE;
				GCC_WARN_UNUSED_FUNCTION = YES;
				GCC_WARN_UNUSED_VARIABLE = YES;
				IPHONEOS_DEPLOYMENT_TARGET = 12.1;
				MTL_ENABLE_DEBUG_INFO = NO;
				MTL_FAST_MATH = YES;
				SDKROOT = iphoneos;
				SWIFT_COMPILATION_MODE = wholemodule;
				SWIFT_OPTIMIZATION_LEVEL = "-O";
				VALIDATE_PRODUCT = YES;
			};
			name = Release;
		};
		AA742D5021A65417002E5876 /* Debug */ = {
			isa = XCBuildConfiguration;
			buildSettings = {
				ASSETCATALOG_COMPILER_APPICON_NAME = AppIcon;
				CODE_SIGN_STYLE = Automatic;
				INFOPLIST_FILE = MapDisplay/Info.plist;
				LD_RUNPATH_SEARCH_PATHS = (
					"$(inherited)",
					"@executable_path/Frameworks",
				);
				PRODUCT_BUNDLE_IDENTIFIER = "naver.knock-otd999.MapDisplay";
				PRODUCT_NAME = "$(TARGET_NAME)";
				SWIFT_VERSION = 4.2;
				TARGETED_DEVICE_FAMILY = "1,2";
			};
			name = Debug;
		};
		AA742D5121A65417002E5876 /* Release */ = {
			isa = XCBuildConfiguration;
			buildSettings = {
				ASSETCATALOG_COMPILER_APPICON_NAME = AppIcon;
				CODE_SIGN_STYLE = Automatic;
				INFOPLIST_FILE = MapDisplay/Info.plist;
				LD_RUNPATH_SEARCH_PATHS = (
					"$(inherited)",
					"@executable_path/Frameworks",
				);
				PRODUCT_BUNDLE_IDENTIFIER = "naver.knock-otd999.MapDisplay";
				PRODUCT_NAME = "$(TARGET_NAME)";
				SWIFT_VERSION = 4.2;
				TARGETED_DEVICE_FAMILY = "1,2";
			};
			name = Release;
		};
		AA742D6621A67E28002E5876 /* Debug */ = {
			isa = XCBuildConfiguration;
			buildSettings = {
				ASSETCATALOG_COMPILER_APPICON_NAME = AppIcon;
				CODE_SIGN_STYLE = Automatic;
				INFOPLIST_FILE = CoreLocation/Info.plist;
				LD_RUNPATH_SEARCH_PATHS = (
					"$(inherited)",
					"@executable_path/Frameworks",
				);
				PRODUCT_BUNDLE_IDENTIFIER = "naver.knock-otd999.CoreLocation";
				PRODUCT_NAME = "$(TARGET_NAME)";
				SWIFT_VERSION = 4.2;
				TARGETED_DEVICE_FAMILY = "1,2";
			};
			name = Debug;
		};
		AA742D6721A67E28002E5876 /* Release */ = {
			isa = XCBuildConfiguration;
			buildSettings = {
				ASSETCATALOG_COMPILER_APPICON_NAME = AppIcon;
				CODE_SIGN_STYLE = Automatic;
				INFOPLIST_FILE = CoreLocation/Info.plist;
				LD_RUNPATH_SEARCH_PATHS = (
					"$(inherited)",
					"@executable_path/Frameworks",
				);
				PRODUCT_BUNDLE_IDENTIFIER = "naver.knock-otd999.CoreLocation";
				PRODUCT_NAME = "$(TARGET_NAME)";
				SWIFT_VERSION = 4.2;
				TARGETED_DEVICE_FAMILY = "1,2";
			};
			name = Release;
		};
		AA742D7C21A67E3B002E5876 /* Debug */ = {
			isa = XCBuildConfiguration;
			buildSettings = {
				ASSETCATALOG_COMPILER_APPICON_NAME = AppIcon;
				CODE_SIGN_STYLE = Automatic;
				INFOPLIST_FILE = CoreLocationUse/Info.plist;
				LD_RUNPATH_SEARCH_PATHS = (
					"$(inherited)",
					"@executable_path/Frameworks",
				);
				PRODUCT_BUNDLE_IDENTIFIER = "naver.knock-otd999.CoreLocationUse";
				PRODUCT_NAME = "$(TARGET_NAME)";
				SWIFT_VERSION = 4.2;
				TARGETED_DEVICE_FAMILY = "1,2";
			};
			name = Debug;
		};
		AA742D7D21A67E3B002E5876 /* Release */ = {
			isa = XCBuildConfiguration;
			buildSettings = {
				ASSETCATALOG_COMPILER_APPICON_NAME = AppIcon;
				CODE_SIGN_STYLE = Automatic;
				INFOPLIST_FILE = CoreLocationUse/Info.plist;
				LD_RUNPATH_SEARCH_PATHS = (
					"$(inherited)",
					"@executable_path/Frameworks",
				);
				PRODUCT_BUNDLE_IDENTIFIER = "naver.knock-otd999.CoreLocationUse";
				PRODUCT_NAME = "$(TARGET_NAME)";
				SWIFT_VERSION = 4.2;
				TARGETED_DEVICE_FAMILY = "1,2";
			};
			name = Release;
		};
		AA742D9221A68FD2002E5876 /* Debug */ = {
			isa = XCBuildConfiguration;
			buildSettings = {
				ASSETCATALOG_COMPILER_APPICON_NAME = AppIcon;
				CODE_SIGN_STYLE = Automatic;
				INFOPLIST_FILE = MapKitFrameworkUse/Info.plist;
				LD_RUNPATH_SEARCH_PATHS = (
					"$(inherited)",
					"@executable_path/Frameworks",
				);
				PRODUCT_BUNDLE_IDENTIFIER = "naver.knock-otd999.MapKitFrameworkUse";
				PRODUCT_NAME = "$(TARGET_NAME)";
				SWIFT_VERSION = 4.2;
				TARGETED_DEVICE_FAMILY = "1,2";
			};
			name = Debug;
		};
		AA742D9321A68FD2002E5876 /* Release */ = {
			isa = XCBuildConfiguration;
			buildSettings = {
				ASSETCATALOG_COMPILER_APPICON_NAME = AppIcon;
				CODE_SIGN_STYLE = Automatic;
				INFOPLIST_FILE = MapKitFrameworkUse/Info.plist;
				LD_RUNPATH_SEARCH_PATHS = (
					"$(inherited)",
					"@executable_path/Frameworks",
				);
				PRODUCT_BUNDLE_IDENTIFIER = "naver.knock-otd999.MapKitFrameworkUse";
				PRODUCT_NAME = "$(TARGET_NAME)";
				SWIFT_VERSION = 4.2;
				TARGETED_DEVICE_FAMILY = "1,2";
			};
			name = Release;
		};
/* End XCBuildConfiguration section */

/* Begin XCConfigurationList section */
		AA742D3821A6540E002E5876 /* Build configuration list for PBXProject "MapDisplay" */ = {
			isa = XCConfigurationList;
			buildConfigurations = (
				AA742D4D21A65417002E5876 /* Debug */,
				AA742D4E21A65417002E5876 /* Release */,
			);
			defaultConfigurationIsVisible = 0;
			defaultConfigurationName = Release;
		};
		AA742D4F21A65417002E5876 /* Build configuration list for PBXNativeTarget "MapDisplay" */ = {
			isa = XCConfigurationList;
			buildConfigurations = (
				AA742D5021A65417002E5876 /* Debug */,
				AA742D5121A65417002E5876 /* Release */,
			);
			defaultConfigurationIsVisible = 0;
			defaultConfigurationName = Release;
		};
		AA742D6521A67E28002E5876 /* Build configuration list for PBXNativeTarget "CoreLocation" */ = {
			isa = XCConfigurationList;
			buildConfigurations = (
				AA742D6621A67E28002E5876 /* Debug */,
				AA742D6721A67E28002E5876 /* Release */,
			);
			defaultConfigurationIsVisible = 0;
			defaultConfigurationName = Release;
		};
		AA742D7B21A67E3B002E5876 /* Build configuration list for PBXNativeTarget "CoreLocationUse" */ = {
			isa = XCConfigurationList;
			buildConfigurations = (
				AA742D7C21A67E3B002E5876 /* Debug */,
				AA742D7D21A67E3B002E5876 /* Release */,
			);
			defaultConfigurationIsVisible = 0;
			defaultConfigurationName = Release;
		};
		AA742D9121A68FD2002E5876 /* Build configuration list for PBXNativeTarget "MapKitFrameworkUse" */ = {
			isa = XCConfigurationList;
			buildConfigurations = (
				AA742D9221A68FD2002E5876 /* Debug */,
				AA742D9321A68FD2002E5876 /* Release */,
			);
			defaultConfigurationIsVisible = 0;
			defaultConfigurationName = Release;
		};
/* End XCConfigurationList section */
	};
	rootObject = AA742D3521A6540E002E5876 /* Project object */;
}
